// !$*UTF8*$!
{
	archiveVersion = 1;
	classes = {
	};
	objectVersion = 56;
	objects = {

/* Begin PBXBuildFile section */
		40CECA6A2C25EA8A00430429 /* junApp.swift in Sources */ = {isa = PBXBuildFile; fileRef = 40CECA692C25EA8A00430429 /* junApp.swift */; };
		40CECA6C2C25EA8A00430429 /* ContentView.swift in Sources */ = {isa = PBXBuildFile; fileRef = 40CECA6B2C25EA8A00430429 /* ContentView.swift */; };
		40CECA6E2C25EA8B00430429 /* Assets.xcassets in Resources */ = {isa = PBXBuildFile; fileRef = 40CECA6D2C25EA8B00430429 /* Assets.xcassets */; };
		40CECA712C25EA8B00430429 /* Preview Assets.xcassets in Resources */ = {isa = PBXBuildFile; fileRef = 40CECA702C25EA8B00430429 /* Preview Assets.xcassets */; };
		40CECA7B2C25EA8B00430429 /* junTests.swift in Sources */ = {isa = PBXBuildFile; fileRef = 40CECA7A2C25EA8B00430429 /* junTests.swift */; };
		40CECA852C25EA8B00430429 /* junUITests.swift in Sources */ = {isa = PBXBuildFile; fileRef = 40CECA842C25EA8B00430429 /* junUITests.swift */; };
		40CECA872C25EA8B00430429 /* junUITestsLaunchTests.swift in Sources */ = {isa = PBXBuildFile; fileRef = 40CECA862C25EA8B00430429 /* junUITestsLaunchTests.swift */; };
/* End PBXBuildFile section */

/* Begin PBXContainerItemProxy section */
		40CECA772C25EA8B00430429 /* PBXContainerItemProxy */ = {
			isa = PBXContainerItemProxy;
			containerPortal = 40CECA5E2C25EA8A00430429 /* Project object */;
			proxyType = 1;
			remoteGlobalIDString = 40CECA652C25EA8A00430429;
			remoteInfo = jun;
		};
		40CECA812C25EA8B00430429 /* PBXContainerItemProxy */ = {
			isa = PBXContainerItemProxy;
			containerPortal = 40CECA5E2C25EA8A00430429 /* Project object */;
			proxyType = 1;
			remoteGlobalIDString = 40CECA652C25EA8A00430429;
			remoteInfo = jun;
		};
/* End PBXContainerItemProxy section */

/* Begin PBXFileReference section */
		40CECA662C25EA8A00430429 /* jun.app */ = {isa = PBXFileReference; explicitFileType = wrapper.application; includeInIndex = 0; path = jun.app; sourceTree = BUILT_PRODUCTS_DIR; };
		40CECA692C25EA8A00430429 /* junApp.swift */ = {isa = PBXFileReference; lastKnownFileType = sourcecode.swift; path = junApp.swift; sourceTree = "<group>"; };
		40CECA6B2C25EA8A00430429 /* ContentView.swift */ = {isa = PBXFileReference; lastKnownFileType = sourcecode.swift; path = ContentView.swift; sourceTree = "<group>"; };
		40CECA6D2C25EA8B00430429 /* Assets.xcassets */ = {isa = PBXFileReference; lastKnownFileType = folder.assetcatalog; path = Assets.xcassets; sourceTree = "<group>"; };
		40CECA702C25EA8B00430429 /* Preview Assets.xcassets */ = {isa = PBXFileReference; lastKnownFileType = folder.assetcatalog; path = "Preview Assets.xcassets"; sourceTree = "<group>"; };
		40CECA762C25EA8B00430429 /* junTests.xctest */ = {isa = PBXFileReference; explicitFileType = wrapper.cfbundle; includeInIndex = 0; path = junTests.xctest; sourceTree = BUILT_PRODUCTS_DIR; };
		40CECA7A2C25EA8B00430429 /* junTests.swift */ = {isa = PBXFileReference; lastKnownFileType = sourcecode.swift; path = junTests.swift; sourceTree = "<group>"; };
		40CECA802C25EA8B00430429 /* junUITests.xctest */ = {isa = PBXFileReference; explicitFileType = wrapper.cfbundle; includeInIndex = 0; path = junUITests.xctest; sourceTree = BUILT_PRODUCTS_DIR; };
		40CECA842C25EA8B00430429 /* junUITests.swift */ = {isa = PBXFileReference; lastKnownFileType = sourcecode.swift; path = junUITests.swift; sourceTree = "<group>"; };
		40CECA862C25EA8B00430429 /* junUITestsLaunchTests.swift */ = {isa = PBXFileReference; lastKnownFileType = sourcecode.swift; path = junUITestsLaunchTests.swift; sourceTree = "<group>"; };
/* End PBXFileReference section */

/* Begin PBXFrameworksBuildPhase section */
		40CECA632C25EA8A00430429 /* Frameworks */ = {
			isa = PBXFrameworksBuildPhase;
			buildActionMask = 2147483647;
			files = (
			);
			runOnlyForDeploymentPostprocessing = 0;
		};
		40CECA732C25EA8B00430429 /* Frameworks */ = {
			isa = PBXFrameworksBuildPhase;
			buildActionMask = 2147483647;
			files = (
			);
			runOnlyForDeploymentPostprocessing = 0;
		};
		40CECA7D2C25EA8B00430429 /* Frameworks */ = {
			isa = PBXFrameworksBuildPhase;
			buildActionMask = 2147483647;
			files = (
			);
			runOnlyForDeploymentPostprocessing = 0;
		};
/* End PBXFrameworksBuildPhase section */

/* Begin PBXGroup section */
		40CECA5D2C25EA8A00430429 = {
			isa = PBXGroup;
			children = (
				40CECA682C25EA8A00430429 /* jun */,
				40CECA792C25EA8B00430429 /* junTests */,
				40CECA832C25EA8B00430429 /* junUITests */,
				40CECA672C25EA8A00430429 /* Products */,
			);
			sourceTree = "<group>";
		};
		40CECA672C25EA8A00430429 /* Products */ = {
			isa = PBXGroup;
			children = (
				40CECA662C25EA8A00430429 /* jun.app */,
				40CECA762C25EA8B00430429 /* junTests.xctest */,
				40CECA802C25EA8B00430429 /* junUITests.xctest */,
			);
			name = Products;
			sourceTree = "<group>";
		};
		40CECA682C25EA8A00430429 /* jun */ = {
			isa = PBXGroup;
			children = (
				40CECA692C25EA8A00430429 /* junApp.swift */,
				40CECA6B2C25EA8A00430429 /* ContentView.swift */,
				40CECA6D2C25EA8B00430429 /* Assets.xcassets */,
				40CECA6F2C25EA8B00430429 /* Preview Content */,
			);
			path = jun;
			sourceTree = "<group>";
		};
		40CECA6F2C25EA8B00430429 /* Preview Content */ = {
			isa = PBXGroup;
			children = (
				40CECA702C25EA8B00430429 /* Preview Assets.xcassets */,
			);
			path = "Preview Content";
			sourceTree = "<group>";
		};
		40CECA792C25EA8B00430429 /* junTests */ = {
			isa = PBXGroup;
			children = (
				40CECA7A2C25EA8B00430429 /* junTests.swift */,
			);
			path = junTests;
			sourceTree = "<group>";
		};
		40CECA832C25EA8B00430429 /* junUITests */ = {
			isa = PBXGroup;
			children = (
				40CECA842C25EA8B00430429 /* junUITests.swift */,
				40CECA862C25EA8B00430429 /* junUITestsLaunchTests.swift */,
			);
			path = junUITests;
			sourceTree = "<group>";
		};
/* End PBXGroup section */

/* Begin PBXNativeTarget section */
		40CECA652C25EA8A00430429 /* jun */ = {
			isa = PBXNativeTarget;
			buildConfigurationList = 40CECA8A2C25EA8B00430429 /* Build configuration list for PBXNativeTarget "jun" */;
			buildPhases = (
				40CECA622C25EA8A00430429 /* Sources */,
				40CECA632C25EA8A00430429 /* Frameworks */,
				40CECA642C25EA8A00430429 /* Resources */,
			);
			buildRules = (
			);
			dependencies = (
			);
			name = jun;
			productName = jun;
			productReference = 40CECA662C25EA8A00430429 /* jun.app */;
			productType = "com.apple.product-type.application";
		};
		40CECA752C25EA8B00430429 /* junTests */ = {
			isa = PBXNativeTarget;
			buildConfigurationList = 40CECA8D2C25EA8B00430429 /* Build configuration list for PBXNativeTarget "junTests" */;
			buildPhases = (
				40CECA722C25EA8B00430429 /* Sources */,
				40CECA732C25EA8B00430429 /* Frameworks */,
				40CECA742C25EA8B00430429 /* Resources */,
			);
			buildRules = (
			);
			dependencies = (
				40CECA782C25EA8B00430429 /* PBXTargetDependency */,
			);
			name = junTests;
			productName = junTests;
			productReference = 40CECA762C25EA8B00430429 /* junTests.xctest */;
			productType = "com.apple.product-type.bundle.unit-test";
		};
		40CECA7F2C25EA8B00430429 /* junUITests */ = {
			isa = PBXNativeTarget;
			buildConfigurationList = 40CECA902C25EA8B00430429 /* Build configuration list for PBXNativeTarget "junUITests" */;
			buildPhases = (
				40CECA7C2C25EA8B00430429 /* Sources */,
				40CECA7D2C25EA8B00430429 /* Frameworks */,
				40CECA7E2C25EA8B00430429 /* Resources */,
			);
			buildRules = (
			);
			dependencies = (
				40CECA822C25EA8B00430429 /* PBXTargetDependency */,
			);
			name = junUITests;
			productName = junUITests;
			productReference = 40CECA802C25EA8B00430429 /* junUITests.xctest */;
			productType = "com.apple.product-type.bundle.ui-testing";
		};
/* End PBXNativeTarget section */

/* Begin PBXProject section */
		40CECA5E2C25EA8A00430429 /* Project object */ = {
			isa = PBXProject;
			attributes = {
				BuildIndependentTargetsInParallel = 1;
				LastSwiftUpdateCheck = 1540;
				LastUpgradeCheck = 1540;
				TargetAttributes = {
					40CECA652C25EA8A00430429 = {
						CreatedOnToolsVersion = 15.4;
					};
					40CECA752C25EA8B00430429 = {
						CreatedOnToolsVersion = 15.4;
						TestTargetID = 40CECA652C25EA8A00430429;
					};
					40CECA7F2C25EA8B00430429 = {
						CreatedOnToolsVersion = 15.4;
						TestTargetID = 40CECA652C25EA8A00430429;
					};
				};
			};
			buildConfigurationList = 40CECA612C25EA8A00430429 /* Build configuration list for PBXProject "jun" */;
			compatibilityVersion = "Xcode 14.0";
			developmentRegion = en;
			hasScannedForEncodings = 0;
			knownRegions = (
				en,
				Base,
			);
			mainGroup = 40CECA5D2C25EA8A00430429;
			productRefGroup = 40CECA672C25EA8A00430429 /* Products */;
			projectDirPath = "";
			projectRoot = "";
			targets = (
				40CECA652C25EA8A00430429 /* jun */,
				40CECA752C25EA8B00430429 /* junTests */,
				40CECA7F2C25EA8B00430429 /* junUITests */,
			);
		};
/* End PBXProject section */

/* Begin PBXResourcesBuildPhase section */
		40CECA642C25EA8A00430429 /* Resources */ = {
			isa = PBXResourcesBuildPhase;
			buildActionMask = 2147483647;
			files = (
				40CECA712C25EA8B00430429 /* Preview Assets.xcassets in Resources */,
				40CECA6E2C25EA8B00430429 /* Assets.xcassets in Resources */,
			);
			runOnlyForDeploymentPostprocessing = 0;
		};
		40CECA742C25EA8B00430429 /* Resources */ = {
			isa = PBXResourcesBuildPhase;
			buildActionMask = 2147483647;
			files = (
			);
			runOnlyForDeploymentPostprocessing = 0;
		};
		40CECA7E2C25EA8B00430429 /* Resources */ = {
			isa = PBXResourcesBuildPhase;
			buildActionMask = 2147483647;
			files = (
			);
			runOnlyForDeploymentPostprocessing = 0;
		};
/* End PBXResourcesBuildPhase section */

/* Begin PBXSourcesBuildPhase section */
		40CECA622C25EA8A00430429 /* Sources */ = {
			isa = PBXSourcesBuildPhase;
			buildActionMask = 2147483647;
			files = (
				40CECA6C2C25EA8A00430429 /* ContentView.swift in Sources */,
				40CECA6A2C25EA8A00430429 /* junApp.swift in Sources */,
			);
			runOnlyForDeploymentPostprocessing = 0;
		};
		40CECA722C25EA8B00430429 /* Sources */ = {
			isa = PBXSourcesBuildPhase;
			buildActionMask = 2147483647;
			files = (
				40CECA7B2C25EA8B00430429 /* junTests.swift in Sources */,
			);
			runOnlyForDeploymentPostprocessing = 0;
		};
		40CECA7C2C25EA8B00430429 /* Sources */ = {
			isa = PBXSourcesBuildPhase;
			buildActionMask = 2147483647;
			files = (
				40CECA872C25EA8B00430429 /* junUITestsLaunchTests.swift in Sources */,
				40CECA852C25EA8B00430429 /* junUITests.swift in Sources */,
			);
			runOnlyForDeploymentPostprocessing = 0;
		};
/* End PBXSourcesBuildPhase section */

/* Begin PBXTargetDependency section */
		40CECA782C25EA8B00430429 /* PBXTargetDependency */ = {
			isa = PBXTargetDependency;
			target = 40CECA652C25EA8A00430429 /* jun */;
			targetProxy = 40CECA772C25EA8B00430429 /* PBXContainerItemProxy */;
		};
		40CECA822C25EA8B00430429 /* PBXTargetDependency */ = {
			isa = PBXTargetDependency;
			target = 40CECA652C25EA8A00430429 /* jun */;
			targetProxy = 40CECA812C25EA8B00430429 /* PBXContainerItemProxy */;
		};
/* End PBXTargetDependency section */

/* Begin XCBuildConfiguration section */
		40CECA882C25EA8B00430429 /* Debug */ = {
			isa = XCBuildConfiguration;
			buildSettings = {
				ALWAYS_SEARCH_USER_PATHS = NO;
				ASSETCATALOG_COMPILER_GENERATE_SWIFT_ASSET_SYMBOL_EXTENSIONS = YES;
				CLANG_ANALYZER_NONNULL = YES;
				CLANG_ANALYZER_NUMBER_OBJECT_CONVERSION = YES_AGGRESSIVE;
				CLANG_CXX_LANGUAGE_STANDARD = "gnu++20";
				CLANG_ENABLE_MODULES = YES;
				CLANG_ENABLE_OBJC_ARC = YES;
				CLANG_ENABLE_OBJC_WEAK = YES;
				CLANG_WARN_BLOCK_CAPTURE_AUTORELEASING = YES;
				CLANG_WARN_BOOL_CONVERSION = YES;
				CLANG_WARN_COMMA = YES;
				CLANG_WARN_CONSTANT_CONVERSION = YES;
				CLANG_WARN_DEPRECATED_OBJC_IMPLEMENTATIONS = YES;
				CLANG_WARN_DIRECT_OBJC_ISA_USAGE = YES_ERROR;
				CLANG_WARN_DOCUMENTATION_COMMENTS = YES;
				CLANG_WARN_EMPTY_BODY = YES;
				CLANG_WARN_ENUM_CONVERSION = YES;
				CLANG_WARN_INFINITE_RECURSION = YES;
				CLANG_WARN_INT_CONVERSION = YES;
				CLANG_WARN_NON_LITERAL_NULL_CONVERSION = YES;
				CLANG_WARN_OBJC_IMPLICIT_RETAIN_SELF = YES;
				CLANG_WARN_OBJC_LITERAL_CONVERSION = YES;
				CLANG_WARN_OBJC_ROOT_CLASS = YES_ERROR;
				CLANG_WARN_QUOTED_INCLUDE_IN_FRAMEWORK_HEADER = YES;
				CLANG_WARN_RANGE_LOOP_ANALYSIS = YES;
				CLANG_WARN_STRICT_PROTOTYPES = YES;
				CLANG_WARN_SUSPICIOUS_MOVE = YES;
				CLANG_WARN_UNGUARDED_AVAILABILITY = YES_AGGRESSIVE;
				CLANG_WARN_UNREACHABLE_CODE = YES;
				CLANG_WARN__DUPLICATE_METHOD_MATCH = YES;
				COPY_PHASE_STRIP = NO;
				DEBUG_INFORMATION_FORMAT = dwarf;
				ENABLE_STRICT_OBJC_MSGSEND = YES;
				ENABLE_TESTABILITY = YES;
				ENABLE_USER_SCRIPT_SANDBOXING = YES;
				GCC_C_LANGUAGE_STANDARD = gnu17;
				GCC_DYNAMIC_NO_PIC = NO;
				GCC_NO_COMMON_BLOCKS = YES;
				GCC_OPTIMIZATION_LEVEL = 0;
				GCC_PREPROCESSOR_DEFINITIONS = (
					"DEBUG=1",
					"$(inherited)",
				);
				GCC_WARN_64_TO_32_BIT_CONVERSION = YES;
				GCC_WARN_ABOUT_RETURN_TYPE = YES_ERROR;
				GCC_WARN_UNDECLARED_SELECTOR = YES;
				GCC_WARN_UNINITIALIZED_AUTOS = YES_AGGRESSIVE;
				GCC_WARN_UNUSED_FUNCTION = YES;
				GCC_WARN_UNUSED_VARIABLE = YES;
				IPHONEOS_DEPLOYMENT_TARGET = 17.5;
				LOCALIZATION_PREFERS_STRING_CATALOGS = YES;
				MTL_ENABLE_DEBUG_INFO = INCLUDE_SOURCE;
				MTL_FAST_MATH = YES;
				ONLY_ACTIVE_ARCH = YES;
				SDKROOT = iphoneos;
				SWIFT_ACTIVE_COMPILATION_CONDITIONS = "DEBUG $(inherited)";
				SWIFT_OPTIMIZATION_LEVEL = "-Onone";
			};
			name = Debug;
		};
		40CECA892C25EA8B00430429 /* Release */ = {
			isa = XCBuildConfiguration;
			buildSettings = {
				ALWAYS_SEARCH_USER_PATHS = NO;
				ASSETCATALOG_COMPILER_GENERATE_SWIFT_ASSET_SYMBOL_EXTENSIONS = YES;
				CLANG_ANALYZER_NONNULL = YES;
				CLANG_ANALYZER_NUMBER_OBJECT_CONVERSION = YES_AGGRESSIVE;
				CLANG_CXX_LANGUAGE_STANDARD = "gnu++20";
				CLANG_ENABLE_MODULES = YES;
				CLANG_ENABLE_OBJC_ARC = YES;
				CLANG_ENABLE_OBJC_WEAK = YES;
				CLANG_WARN_BLOCK_CAPTURE_AUTORELEASING = YES;
				CLANG_WARN_BOOL_CONVERSION = YES;
				CLANG_WARN_COMMA = YES;
				CLANG_WARN_CONSTANT_CONVERSION = YES;
				CLANG_WARN_DEPRECATED_OBJC_IMPLEMENTATIONS = YES;
				CLANG_WARN_DIRECT_OBJC_ISA_USAGE = YES_ERROR;
				CLANG_WARN_DOCUMENTATION_COMMENTS = YES;
				CLANG_WARN_EMPTY_BODY = YES;
				CLANG_WARN_ENUM_CONVERSION = YES;
				CLANG_WARN_INFINITE_RECURSION = YES;
				CLANG_WARN_INT_CONVERSION = YES;
				CLANG_WARN_NON_LITERAL_NULL_CONVERSION = YES;
				CLANG_WARN_OBJC_IMPLICIT_RETAIN_SELF = YES;
				CLANG_WARN_OBJC_LITERAL_CONVERSION = YES;
				CLANG_WARN_OBJC_ROOT_CLASS = YES_ERROR;
				CLANG_WARN_QUOTED_INCLUDE_IN_FRAMEWORK_HEADER = YES;
				CLANG_WARN_RANGE_LOOP_ANALYSIS = YES;
				CLANG_WARN_STRICT_PROTOTYPES = YES;
				CLANG_WARN_SUSPICIOUS_MOVE = YES;
				CLANG_WARN_UNGUARDED_AVAILABILITY = YES_AGGRESSIVE;
				CLANG_WARN_UNREACHABLE_CODE = YES;
				CLANG_WARN__DUPLICATE_METHOD_MATCH = YES;
				COPY_PHASE_STRIP = NO;
				DEBUG_INFORMATION_FORMAT = "dwarf-with-dsym";
				ENABLE_NS_ASSERTIONS = NO;
				ENABLE_STRICT_OBJC_MSGSEND = YES;
				ENABLE_USER_SCRIPT_SANDBOXING = YES;
				GCC_C_LANGUAGE_STANDARD = gnu17;
				GCC_NO_COMMON_BLOCKS = YES;
				GCC_WARN_64_TO_32_BIT_CONVERSION = YES;
				GCC_WARN_ABOUT_RETURN_TYPE = YES_ERROR;
				GCC_WARN_UNDECLARED_SELECTOR = YES;
				GCC_WARN_UNINITIALIZED_AUTOS = YES_AGGRESSIVE;
				GCC_WARN_UNUSED_FUNCTION = YES;
				GCC_WARN_UNUSED_VARIABLE = YES;
				IPHONEOS_DEPLOYMENT_TARGET = 17.5;
				LOCALIZATION_PREFERS_STRING_CATALOGS = YES;
				MTL_ENABLE_DEBUG_INFO = NO;
				MTL_FAST_MATH = YES;
				SDKROOT = iphoneos;
				SWIFT_COMPILATION_MODE = wholemodule;
				VALIDATE_PRODUCT = YES;
			};
			name = Release;
		};
		40CECA8B2C25EA8B00430429 /* Debug */ = {
			isa = XCBuildConfiguration;
			buildSettings = {
				ASSETCATALOG_COMPILER_APPICON_NAME = AppIcon;
				ASSETCATALOG_COMPILER_GLOBAL_ACCENT_COLOR_NAME = AccentColor;
				CODE_SIGN_STYLE = Automatic;
				CURRENT_PROJECT_VERSION = 1;
				DEVELOPMENT_ASSET_PATHS = "\"jun/Preview Content\"";
				DEVELOPMENT_TEAM = X8C523ZVFY;
				ENABLE_PREVIEWS = YES;
				GENERATE_INFOPLIST_FILE = YES;
				INFOPLIST_KEY_UIApplicationSceneManifest_Generation = YES;
				INFOPLIST_KEY_UIApplicationSupportsIndirectInputEvents = YES;
				INFOPLIST_KEY_UILaunchScreen_Generation = YES;
				INFOPLIST_KEY_UISupportedInterfaceOrientations_iPad = "UIInterfaceOrientationPortrait UIInterfaceOrientationPortraitUpsideDown UIInterfaceOrientationLandscapeLeft UIInterfaceOrientationLandscapeRight";
				INFOPLIST_KEY_UISupportedInterfaceOrientations_iPhone = "UIInterfaceOrientationPortrait UIInterfaceOrientationLandscapeLeft UIInterfaceOrientationLandscapeRight";
				LD_RUNPATH_SEARCH_PATHS = (
					"$(inherited)",
					"@executable_path/Frameworks",
				);
				MARKETING_VERSION = 1.0;
				PRODUCT_BUNDLE_IDENTIFIER = kwk.jun;
				PRODUCT_NAME = "$(TARGET_NAME)";
				SWIFT_EMIT_LOC_STRINGS = YES;
				SWIFT_VERSION = 5.0;
				TARGETED_DEVICE_FAMILY = "1,2";
			};
			name = Debug;
		};
		40CECA8C2C25EA8B00430429 /* Release */ = {
			isa = XCBuildConfiguration;
			buildSettings = {
				ASSETCATALOG_COMPILER_APPICON_NAME = AppIcon;
				ASSETCATALOG_COMPILER_GLOBAL_ACCENT_COLOR_NAME = AccentColor;
				CODE_SIGN_STYLE = Automatic;
				CURRENT_PROJECT_VERSION = 1;
				DEVELOPMENT_ASSET_PATHS = "\"jun/Preview Content\"";
				DEVELOPMENT_TEAM = X8C523ZVFY;
				ENABLE_PREVIEWS = YES;
				GENERATE_INFOPLIST_FILE = YES;
				INFOPLIST_KEY_UIApplicationSceneManifest_Generation = YES;
				INFOPLIST_KEY_UIApplicationSupportsIndirectInputEvents = YES;
				INFOPLIST_KEY_UILaunchScreen_Generation = YES;
				INFOPLIST_KEY_UISupportedInterfaceOrientations_iPad = "UIInterfaceOrientationPortrait UIInterfaceOrientationPortraitUpsideDown UIInterfaceOrientationLandscapeLeft UIInterfaceOrientationLandscapeRight";
				INFOPLIST_KEY_UISupportedInterfaceOrientations_iPhone = "UIInterfaceOrientationPortrait UIInterfaceOrientationLandscapeLeft UIInterfaceOrientationLandscapeRight";
				LD_RUNPATH_SEARCH_PATHS = (
					"$(inherited)",
					"@executable_path/Frameworks",
				);
				MARKETING_VERSION = 1.0;
				PRODUCT_BUNDLE_IDENTIFIER = kwk.jun;
				PRODUCT_NAME = "$(TARGET_NAME)";
				SWIFT_EMIT_LOC_STRINGS = YES;
				SWIFT_VERSION = 5.0;
				TARGETED_DEVICE_FAMILY = "1,2";
			};
			name = Release;
		};
		40CECA8E2C25EA8B00430429 /* Debug */ = {
			isa = XCBuildConfiguration;
			buildSettings = {
				ALWAYS_EMBED_SWIFT_STANDARD_LIBRARIES = YES;
				BUNDLE_LOADER = "$(TEST_HOST)";
				CODE_SIGN_STYLE = Automatic;
				CURRENT_PROJECT_VERSION = 1;
				DEVELOPMENT_TEAM = X8C523ZVFY;
				GENERATE_INFOPLIST_FILE = YES;
				IPHONEOS_DEPLOYMENT_TARGET = 17.5;
				MARKETING_VERSION = 1.0;
				PRODUCT_BUNDLE_IDENTIFIER = kwk.junTests;
				PRODUCT_NAME = "$(TARGET_NAME)";
				SWIFT_EMIT_LOC_STRINGS = NO;
				SWIFT_VERSION = 5.0;
				TARGETED_DEVICE_FAMILY = "1,2";
				TEST_HOST = "$(BUILT_PRODUCTS_DIR)/jun.app/$(BUNDLE_EXECUTABLE_FOLDER_PATH)/jun";
			};
			name = Debug;
		};
		40CECA8F2C25EA8B00430429 /* Release */ = {
			isa = XCBuildConfiguration;
			buildSettings = {
				ALWAYS_EMBED_SWIFT_STANDARD_LIBRARIES = YES;
				BUNDLE_LOADER = "$(TEST_HOST)";
				CODE_SIGN_STYLE = Automatic;
				CURRENT_PROJECT_VERSION = 1;
				DEVELOPMENT_TEAM = X8C523ZVFY;
				GENERATE_INFOPLIST_FILE = YES;
				IPHONEOS_DEPLOYMENT_TARGET = 17.5;
				MARKETING_VERSION = 1.0;
				PRODUCT_BUNDLE_IDENTIFIER = kwk.junTests;
				PRODUCT_NAME = "$(TARGET_NAME)";
				SWIFT_EMIT_LOC_STRINGS = NO;
				SWIFT_VERSION = 5.0;
				TARGETED_DEVICE_FAMILY = "1,2";
				TEST_HOST = "$(BUILT_PRODUCTS_DIR)/jun.app/$(BUNDLE_EXECUTABLE_FOLDER_PATH)/jun";
			};
			name = Release;
		};
		40CECA912C25EA8B00430429 /* Debug */ = {
			isa = XCBuildConfiguration;
			buildSettings = {
				ALWAYS_EMBED_SWIFT_STANDARD_LIBRARIES = YES;
				CODE_SIGN_STYLE = Automatic;
				CURRENT_PROJECT_VERSION = 1;
				DEVELOPMENT_TEAM = X8C523ZVFY;
				GENERATE_INFOPLIST_FILE = YES;
				MARKETING_VERSION = 1.0;
				PRODUCT_BUNDLE_IDENTIFIER = kwk.junUITests;
				PRODUCT_NAME = "$(TARGET_NAME)";
				SWIFT_EMIT_LOC_STRINGS = NO;
				SWIFT_VERSION = 5.0;
				TARGETED_DEVICE_FAMILY = "1,2";
				TEST_TARGET_NAME = jun;
			};
			name = Debug;
		};
		40CECA922C25EA8B00430429 /* Release */ = {
			isa = XCBuildConfiguration;
			buildSettings = {
				ALWAYS_EMBED_SWIFT_STANDARD_LIBRARIES = YES;
				CODE_SIGN_STYLE = Automatic;
				CURRENT_PROJECT_VERSION = 1;
				DEVELOPMENT_TEAM = X8C523ZVFY;
				GENERATE_INFOPLIST_FILE = YES;
				MARKETING_VERSION = 1.0;
				PRODUCT_BUNDLE_IDENTIFIER = kwk.junUITests;
				PRODUCT_NAME = "$(TARGET_NAME)";
				SWIFT_EMIT_LOC_STRINGS = NO;
				SWIFT_VERSION = 5.0;
				TARGETED_DEVICE_FAMILY = "1,2";
				TEST_TARGET_NAME = jun;
			};
			name = Release;
		};
/* End XCBuildConfiguration section */

/* Begin XCConfigurationList section */
		40CECA612C25EA8A00430429 /* Build configuration list for PBXProject "jun" */ = {
			isa = XCConfigurationList;
			buildConfigurations = (
				40CECA882C25EA8B00430429 /* Debug */,
				40CECA892C25EA8B00430429 /* Release */,
			);
			defaultConfigurationIsVisible = 0;
			defaultConfigurationName = Release;
		};
		40CECA8A2C25EA8B00430429 /* Build configuration list for PBXNativeTarget "jun" */ = {
			isa = XCConfigurationList;
			buildConfigurations = (
				40CECA8B2C25EA8B00430429 /* Debug */,
				40CECA8C2C25EA8B00430429 /* Release */,
			);
			defaultConfigurationIsVisible = 0;
			defaultConfigurationName = Release;
		};
		40CECA8D2C25EA8B00430429 /* Build configuration list for PBXNativeTarget "junTests" */ = {
			isa = XCConfigurationList;
			buildConfigurations = (
				40CECA8E2C25EA8B00430429 /* Debug */,
				40CECA8F2C25EA8B00430429 /* Release */,
			);
			defaultConfigurationIsVisible = 0;
			defaultConfigurationName = Release;
		};
		40CECA902C25EA8B00430429 /* Build configuration list for PBXNativeTarget "junUITests" */ = {
			isa = XCConfigurationList;
			buildConfigurations = (
				40CECA912C25EA8B00430429 /* Debug */,
				40CECA922C25EA8B00430429 /* Release */,
			);
			defaultConfigurationIsVisible = 0;
			defaultConfigurationName = Release;
		};
/* End XCConfigurationList section */
	};
	rootObject = 40CECA5E2C25EA8A00430429 /* Project object */;
}
